// !$*UTF8*$!
{
	archiveVersion = 1;
	classes = {
	};
	objectVersion = 55;
	objects = {

/* Begin PBXBuildFile section */
		C61E44F7282F3C3E00D14CB7 /* ScrumStore.swift in Sources */ = {isa = PBXBuildFile; fileRef = C61E44F6282F3C3E00D14CB7 /* ScrumStore.swift */; };
		C64392CB2813732A006C571F /* ScrumdingerApp.swift in Sources */ = {isa = PBXBuildFile; fileRef = C64392CA2813732A006C571F /* ScrumdingerApp.swift */; };
		C64392CD2813732A006C571F /* MeetingView.swift in Sources */ = {isa = PBXBuildFile; fileRef = C64392CC2813732A006C571F /* MeetingView.swift */; };
		C64392CF28137331006C571F /* Assets.xcassets in Resources */ = {isa = PBXBuildFile; fileRef = C64392CE28137331006C571F /* Assets.xcassets */; };
		C64392D228137331006C571F /* Preview Assets.xcassets in Resources */ = {isa = PBXBuildFile; fileRef = C64392D128137331006C571F /* Preview Assets.xcassets */; };
		C64392DA28137A16006C571F /* Themes.swift in Sources */ = {isa = PBXBuildFile; fileRef = C64392D928137A16006C571F /* Themes.swift */; };
		C64392DC28137CBE006C571F /* DailyScrum.swift in Sources */ = {isa = PBXBuildFile; fileRef = C64392DB28137CBE006C571F /* DailyScrum.swift */; };
		C64392DE28137E31006C571F /* CardView.swift in Sources */ = {isa = PBXBuildFile; fileRef = C64392DD28137E31006C571F /* CardView.swift */; };
		C64392E0281386FD006C571F /* TrainlingIcon.swift in Sources */ = {isa = PBXBuildFile; fileRef = C64392DF281386FD006C571F /* TrainlingIcon.swift */; };
		C66B9A5B2817659A00FFDC36 /* ThemeView.swift in Sources */ = {isa = PBXBuildFile; fileRef = C66B9A5A2817659A00FFDC36 /* ThemeView.swift */; };
		C66B9A5D281767D100FFDC36 /* ThemePicker.swift in Sources */ = {isa = PBXBuildFile; fileRef = C66B9A5C281767D100FFDC36 /* ThemePicker.swift */; };
		C66B9A5F28177E2E00FFDC36 /* MeetingHeaderView.swift in Sources */ = {isa = PBXBuildFile; fileRef = C66B9A5E28177E2E00FFDC36 /* MeetingHeaderView.swift */; };
		C66B9A61281786AC00FFDC36 /* ScrumProgressViewStyle.swift in Sources */ = {isa = PBXBuildFile; fileRef = C66B9A60281786AC00FFDC36 /* ScrumProgressViewStyle.swift */; };
		C69C091728138ECB00589B34 /* ScrumsView.swift in Sources */ = {isa = PBXBuildFile; fileRef = C69C091628138ECB00589B34 /* ScrumsView.swift */; };
		C69C091928139A3000589B34 /* DetailView.swift in Sources */ = {isa = PBXBuildFile; fileRef = C69C091828139A3000589B34 /* DetailView.swift */; };
		C6AA9E04281A2DB200AEDDF6 /* AVPlayer+Ding.swift in Sources */ = {isa = PBXBuildFile; fileRef = C6AA9E03281A2DB100AEDDF6 /* AVPlayer+Ding.swift */; };
		C6AA9E07281A2DF600AEDDF6 /* ding.wav in Resources */ = {isa = PBXBuildFile; fileRef = C6AA9E06281A2DF600AEDDF6 /* ding.wav */; };
		C6AA9E09281A56EB00AEDDF6 /* History.swift in Sources */ = {isa = PBXBuildFile; fileRef = C6AA9E08281A56EB00AEDDF6 /* History.swift */; };
		C6B1F9B9283A6D1F009D51E4 /* ErrorWrapper.swift in Sources */ = {isa = PBXBuildFile; fileRef = C6B1F9B8283A6D1F009D51E4 /* ErrorWrapper.swift */; };
		C6B1F9BB283AAA55009D51E4 /* ErrorView.swift in Sources */ = {isa = PBXBuildFile; fileRef = C6B1F9BA283AAA55009D51E4 /* ErrorView.swift */; };
		C6C17C47281997DA00208919 /* ScrumTimer.swift in Sources */ = {isa = PBXBuildFile; fileRef = C6C17C46281997D900208919 /* ScrumTimer.swift */; };
		C6C17C4928199B2900208919 /* MeetingFooterView.swift in Sources */ = {isa = PBXBuildFile; fileRef = C6C17C4828199B2900208919 /* MeetingFooterView.swift */; };
		C6C5C39928145955008ADB93 /* DetailEditView.swift in Sources */ = {isa = PBXBuildFile; fileRef = C6C5C39828145955008ADB93 /* DetailEditView.swift */; };
/* End PBXBuildFile section */

/* Begin PBXFileReference section */
		C61E44F6282F3C3E00D14CB7 /* ScrumStore.swift */ = {isa = PBXFileReference; lastKnownFileType = sourcecode.swift; path = ScrumStore.swift; sourceTree = "<group>"; };
		C64392C72813732A006C571F /* Scrumdinger.app */ = {isa = PBXFileReference; explicitFileType = wrapper.application; includeInIndex = 0; path = Scrumdinger.app; sourceTree = BUILT_PRODUCTS_DIR; };
		C64392CA2813732A006C571F /* ScrumdingerApp.swift */ = {isa = PBXFileReference; lastKnownFileType = sourcecode.swift; path = ScrumdingerApp.swift; sourceTree = "<group>"; };
		C64392CC2813732A006C571F /* MeetingView.swift */ = {isa = PBXFileReference; lastKnownFileType = sourcecode.swift; path = MeetingView.swift; sourceTree = "<group>"; };
		C64392CE28137331006C571F /* Assets.xcassets */ = {isa = PBXFileReference; lastKnownFileType = folder.assetcatalog; path = Assets.xcassets; sourceTree = "<group>"; };
		C64392D128137331006C571F /* Preview Assets.xcassets */ = {isa = PBXFileReference; lastKnownFileType = folder.assetcatalog; path = "Preview Assets.xcassets"; sourceTree = "<group>"; };
		C64392D928137A16006C571F /* Themes.swift */ = {isa = PBXFileReference; lastKnownFileType = sourcecode.swift; path = Themes.swift; sourceTree = "<group>"; };
		C64392DB28137CBE006C571F /* DailyScrum.swift */ = {isa = PBXFileReference; lastKnownFileType = sourcecode.swift; path = DailyScrum.swift; sourceTree = "<group>"; };
		C64392DD28137E31006C571F /* CardView.swift */ = {isa = PBXFileReference; lastKnownFileType = sourcecode.swift; path = CardView.swift; sourceTree = "<group>"; };
		C64392DF281386FD006C571F /* TrainlingIcon.swift */ = {isa = PBXFileReference; lastKnownFileType = sourcecode.swift; path = TrainlingIcon.swift; sourceTree = "<group>"; };
		C66B9A5A2817659A00FFDC36 /* ThemeView.swift */ = {isa = PBXFileReference; lastKnownFileType = sourcecode.swift; path = ThemeView.swift; sourceTree = "<group>"; };
		C66B9A5C281767D100FFDC36 /* ThemePicker.swift */ = {isa = PBXFileReference; lastKnownFileType = sourcecode.swift; path = ThemePicker.swift; sourceTree = "<group>"; };
		C66B9A5E28177E2E00FFDC36 /* MeetingHeaderView.swift */ = {isa = PBXFileReference; lastKnownFileType = sourcecode.swift; path = MeetingHeaderView.swift; sourceTree = "<group>"; };
		C66B9A60281786AC00FFDC36 /* ScrumProgressViewStyle.swift */ = {isa = PBXFileReference; lastKnownFileType = sourcecode.swift; path = ScrumProgressViewStyle.swift; sourceTree = "<group>"; };
		C69C091628138ECB00589B34 /* ScrumsView.swift */ = {isa = PBXFileReference; lastKnownFileType = sourcecode.swift; path = ScrumsView.swift; sourceTree = "<group>"; };
		C69C091828139A3000589B34 /* DetailView.swift */ = {isa = PBXFileReference; lastKnownFileType = sourcecode.swift; path = DetailView.swift; sourceTree = "<group>"; };
		C6AA9E03281A2DB100AEDDF6 /* AVPlayer+Ding.swift */ = {isa = PBXFileReference; fileEncoding = 4; lastKnownFileType = sourcecode.swift; path = "AVPlayer+Ding.swift"; sourceTree = "<group>"; };
		C6AA9E06281A2DF600AEDDF6 /* ding.wav */ = {isa = PBXFileReference; lastKnownFileType = audio.wav; path = ding.wav; sourceTree = "<group>"; };
		C6AA9E08281A56EB00AEDDF6 /* History.swift */ = {isa = PBXFileReference; lastKnownFileType = sourcecode.swift; path = History.swift; sourceTree = "<group>"; };
		C6B1F9B8283A6D1F009D51E4 /* ErrorWrapper.swift */ = {isa = PBXFileReference; lastKnownFileType = sourcecode.swift; path = ErrorWrapper.swift; sourceTree = "<group>"; };
		C6B1F9BA283AAA55009D51E4 /* ErrorView.swift */ = {isa = PBXFileReference; lastKnownFileType = sourcecode.swift; path = ErrorView.swift; sourceTree = "<group>"; };
		C6C17C46281997D900208919 /* ScrumTimer.swift */ = {isa = PBXFileReference; fileEncoding = 4; lastKnownFileType = sourcecode.swift; path = ScrumTimer.swift; sourceTree = "<group>"; };
		C6C17C4828199B2900208919 /* MeetingFooterView.swift */ = {isa = PBXFileReference; lastKnownFileType = sourcecode.swift; path = MeetingFooterView.swift; sourceTree = "<group>"; };
		C6C5C39828145955008ADB93 /* DetailEditView.swift */ = {isa = PBXFileReference; lastKnownFileType = sourcecode.swift; path = DetailEditView.swift; sourceTree = "<group>"; };
/* End PBXFileReference section */

/* Begin PBXFrameworksBuildPhase section */
		C64392C42813732A006C571F /* Frameworks */ = {
			isa = PBXFrameworksBuildPhase;
			buildActionMask = 2147483647;
			files = (
			);
			runOnlyForDeploymentPostprocessing = 0;
		};
/* End PBXFrameworksBuildPhase section */

/* Begin PBXGroup section */
		C64392BE2813732A006C571F = {
			isa = PBXGroup;
			children = (
				C64392C92813732A006C571F /* Scrumdinger */,
				C64392C82813732A006C571F /* Products */,
			);
			sourceTree = "<group>";
		};
		C64392C82813732A006C571F /* Products */ = {
			isa = PBXGroup;
			children = (
				C64392C72813732A006C571F /* Scrumdinger.app */,
			);
			name = Products;
			sourceTree = "<group>";
		};
		C64392C92813732A006C571F /* Scrumdinger */ = {
			isa = PBXGroup;
			children = (
				C6AA9E05281A2DDF00AEDDF6 /* Resources */,
				C64392D8281379FE006C571F /* Models */,
				C64392CA2813732A006C571F /* ScrumdingerApp.swift */,
				C64392CC2813732A006C571F /* MeetingView.swift */,
				C64392DD28137E31006C571F /* CardView.swift */,
				C69C091628138ECB00589B34 /* ScrumsView.swift */,
				C69C091828139A3000589B34 /* DetailView.swift */,
				C6C5C39828145955008ADB93 /* DetailEditView.swift */,
				C66B9A5A2817659A00FFDC36 /* ThemeView.swift */,
				C6B1F9BA283AAA55009D51E4 /* ErrorView.swift */,
				C66B9A5C281767D100FFDC36 /* ThemePicker.swift */,
				C66B9A60281786AC00FFDC36 /* ScrumProgressViewStyle.swift */,
				C66B9A5E28177E2E00FFDC36 /* MeetingHeaderView.swift */,
				C6C17C4828199B2900208919 /* MeetingFooterView.swift */,
				C64392DF281386FD006C571F /* TrainlingIcon.swift */,
				C64392CE28137331006C571F /* Assets.xcassets */,
				C64392D028137331006C571F /* Preview Content */,
			);
			path = Scrumdinger;
			sourceTree = "<group>";
		};
		C64392D028137331006C571F /* Preview Content */ = {
			isa = PBXGroup;
			children = (
				C64392D128137331006C571F /* Preview Assets.xcassets */,
			);
			path = "Preview Content";
			sourceTree = "<group>";
		};
		C64392D8281379FE006C571F /* Models */ = {
			isa = PBXGroup;
			children = (
				C6AA9E03281A2DB100AEDDF6 /* AVPlayer+Ding.swift */,
				C6C17C46281997D900208919 /* ScrumTimer.swift */,
				C64392D928137A16006C571F /* Themes.swift */,
				C64392DB28137CBE006C571F /* DailyScrum.swift */,
				C6AA9E08281A56EB00AEDDF6 /* History.swift */,
				C61E44F6282F3C3E00D14CB7 /* ScrumStore.swift */,
				C6B1F9B8283A6D1F009D51E4 /* ErrorWrapper.swift */,
			);
			path = Models;
			sourceTree = "<group>";
		};
		C6AA9E05281A2DDF00AEDDF6 /* Resources */ = {
			isa = PBXGroup;
			children = (
				C6AA9E06281A2DF600AEDDF6 /* ding.wav */,
			);
			path = Resources;
			sourceTree = "<group>";
		};
/* End PBXGroup section */

/* Begin PBXNativeTarget section */
		C64392C62813732A006C571F /* Scrumdinger */ = {
			isa = PBXNativeTarget;
			buildConfigurationList = C64392D528137331006C571F /* Build configuration list for PBXNativeTarget "Scrumdinger" */;
			buildPhases = (
				C64392C32813732A006C571F /* Sources */,
				C64392C42813732A006C571F /* Frameworks */,
				C64392C52813732A006C571F /* Resources */,
			);
			buildRules = (
			);
			dependencies = (
			);
			name = Scrumdinger;
			productName = Scrumdinger;
			productReference = C64392C72813732A006C571F /* Scrumdinger.app */;
			productType = "com.apple.product-type.application";
		};
/* End PBXNativeTarget section */

/* Begin PBXProject section */
		C64392BF2813732A006C571F /* Project object */ = {
			isa = PBXProject;
			attributes = {
				BuildIndependentTargetsInParallel = 1;
				LastSwiftUpdateCheck = 1330;
				LastUpgradeCheck = 1330;
				TargetAttributes = {
					C64392C62813732A006C571F = {
						CreatedOnToolsVersion = 13.3.1;
					};
				};
			};
			buildConfigurationList = C64392C22813732A006C571F /* Build configuration list for PBXProject "Scrumdinger" */;
			compatibilityVersion = "Xcode 13.0";
			developmentRegion = en;
			hasScannedForEncodings = 0;
			knownRegions = (
				en,
				Base,
			);
			mainGroup = C64392BE2813732A006C571F;
			productRefGroup = C64392C82813732A006C571F /* Products */;
			projectDirPath = "";
			projectRoot = "";
			targets = (
				C64392C62813732A006C571F /* Scrumdinger */,
			);
		};
/* End PBXProject section */

/* Begin PBXResourcesBuildPhase section */
		C64392C52813732A006C571F /* Resources */ = {
			isa = PBXResourcesBuildPhase;
			buildActionMask = 2147483647;
			files = (
				C6AA9E07281A2DF600AEDDF6 /* ding.wav in Resources */,
				C64392D228137331006C571F /* Preview Assets.xcassets in Resources */,
				C64392CF28137331006C571F /* Assets.xcassets in Resources */,
			);
			runOnlyForDeploymentPostprocessing = 0;
		};
/* End PBXResourcesBuildPhase section */

/* Begin PBXSourcesBuildPhase section */
		C64392C32813732A006C571F /* Sources */ = {
			isa = PBXSourcesBuildPhase;
			buildActionMask = 2147483647;
			files = (
				C6AA9E09281A56EB00AEDDF6 /* History.swift in Sources */,
				C66B9A5B2817659A00FFDC36 /* ThemeView.swift in Sources */,
				C66B9A61281786AC00FFDC36 /* ScrumProgressViewStyle.swift in Sources */,
				C6C17C4928199B2900208919 /* MeetingFooterView.swift in Sources */,
				C61E44F7282F3C3E00D14CB7 /* ScrumStore.swift in Sources */,
				C6C17C47281997DA00208919 /* ScrumTimer.swift in Sources */,
				C64392DC28137CBE006C571F /* DailyScrum.swift in Sources */,
				C69C091928139A3000589B34 /* DetailView.swift in Sources */,
				C66B9A5F28177E2E00FFDC36 /* MeetingHeaderView.swift in Sources */,
				C6C5C39928145955008ADB93 /* DetailEditView.swift in Sources */,
				C6B1F9B9283A6D1F009D51E4 /* ErrorWrapper.swift in Sources */,
				C64392CD2813732A006C571F /* MeetingView.swift in Sources */,
				C66B9A5D281767D100FFDC36 /* ThemePicker.swift in Sources */,
				C64392DA28137A16006C571F /* Themes.swift in Sources */,
				C69C091728138ECB00589B34 /* ScrumsView.swift in Sources */,
				C6B1F9BB283AAA55009D51E4 /* ErrorView.swift in Sources */,
				C64392E0281386FD006C571F /* TrainlingIcon.swift in Sources */,
				C64392CB2813732A006C571F /* ScrumdingerApp.swift in Sources */,
				C64392DE28137E31006C571F /* CardView.swift in Sources */,
				C6AA9E04281A2DB200AEDDF6 /* AVPlayer+Ding.swift in Sources */,
			);
			runOnlyForDeploymentPostprocessing = 0;
		};
/* End PBXSourcesBuildPhase section */

/* Begin XCBuildConfiguration section */
		C64392D328137331006C571F /* Debug */ = {
			isa = XCBuildConfiguration;
			buildSettings = {
				ALWAYS_SEARCH_USER_PATHS = NO;
				CLANG_ANALYZER_NONNULL = YES;
				CLANG_ANALYZER_NUMBER_OBJECT_CONVERSION = YES_AGGRESSIVE;
				CLANG_CXX_LANGUAGE_STANDARD = "gnu++17";
				CLANG_ENABLE_MODULES = YES;
				CLANG_ENABLE_OBJC_ARC = YES;
				CLANG_ENABLE_OBJC_WEAK = YES;
				CLANG_WARN_BLOCK_CAPTURE_AUTORELEASING = YES;
				CLANG_WARN_BOOL_CONVERSION = YES;
				CLANG_WARN_COMMA = YES;
				CLANG_WARN_CONSTANT_CONVERSION = YES;
				CLANG_WARN_DEPRECATED_OBJC_IMPLEMENTATIONS = YES;
				CLANG_WARN_DIRECT_OBJC_ISA_USAGE = YES_ERROR;
				CLANG_WARN_DOCUMENTATION_COMMENTS = YES;
				CLANG_WARN_EMPTY_BODY = YES;
				CLANG_WARN_ENUM_CONVERSION = YES;
				CLANG_WARN_INFINITE_RECURSION = YES;
				CLANG_WARN_INT_CONVERSION = YES;
				CLANG_WARN_NON_LITERAL_NULL_CONVERSION = YES;
				CLANG_WARN_OBJC_IMPLICIT_RETAIN_SELF = YES;
				CLANG_WARN_OBJC_LITERAL_CONVERSION = YES;
				CLANG_WARN_OBJC_ROOT_CLASS = YES_ERROR;
				CLANG_WARN_QUOTED_INCLUDE_IN_FRAMEWORK_HEADER = YES;
				CLANG_WARN_RANGE_LOOP_ANALYSIS = YES;
				CLANG_WARN_STRICT_PROTOTYPES = YES;
				CLANG_WARN_SUSPICIOUS_MOVE = YES;
				CLANG_WARN_UNGUARDED_AVAILABILITY = YES_AGGRESSIVE;
				CLANG_WARN_UNREACHABLE_CODE = YES;
				CLANG_WARN__DUPLICATE_METHOD_MATCH = YES;
				COPY_PHASE_STRIP = NO;
				DEBUG_INFORMATION_FORMAT = dwarf;
				ENABLE_STRICT_OBJC_MSGSEND = YES;
				ENABLE_TESTABILITY = YES;
				GCC_C_LANGUAGE_STANDARD = gnu11;
				GCC_DYNAMIC_NO_PIC = NO;
				GCC_NO_COMMON_BLOCKS = YES;
				GCC_OPTIMIZATION_LEVEL = 0;
				GCC_PREPROCESSOR_DEFINITIONS = (
					"DEBUG=1",
					"$(inherited)",
				);
				GCC_WARN_64_TO_32_BIT_CONVERSION = YES;
				GCC_WARN_ABOUT_RETURN_TYPE = YES_ERROR;
				GCC_WARN_UNDECLARED_SELECTOR = YES;
				GCC_WARN_UNINITIALIZED_AUTOS = YES_AGGRESSIVE;
				GCC_WARN_UNUSED_FUNCTION = YES;
				GCC_WARN_UNUSED_VARIABLE = YES;
				IPHONEOS_DEPLOYMENT_TARGET = 15.0;
				MTL_ENABLE_DEBUG_INFO = INCLUDE_SOURCE;
				MTL_FAST_MATH = YES;
				ONLY_ACTIVE_ARCH = YES;
				SDKROOT = iphoneos;
				SWIFT_ACTIVE_COMPILATION_CONDITIONS = DEBUG;
				SWIFT_OPTIMIZATION_LEVEL = "-Onone";
			};
			name = Debug;
		};
		C64392D428137331006C571F /* Release */ = {
			isa = XCBuildConfiguration;
			buildSettings = {
				ALWAYS_SEARCH_USER_PATHS = NO;
				CLANG_ANALYZER_NONNULL = YES;
				CLANG_ANALYZER_NUMBER_OBJECT_CONVERSION = YES_AGGRESSIVE;
				CLANG_CXX_LANGUAGE_STANDARD = "gnu++17";
				CLANG_ENABLE_MODULES = YES;
				CLANG_ENABLE_OBJC_ARC = YES;
				CLANG_ENABLE_OBJC_WEAK = YES;
				CLANG_WARN_BLOCK_CAPTURE_AUTORELEASING = YES;
				CLANG_WARN_BOOL_CONVERSION = YES;
				CLANG_WARN_COMMA = YES;
				CLANG_WARN_CONSTANT_CONVERSION = YES;
				CLANG_WARN_DEPRECATED_OBJC_IMPLEMENTATIONS = YES;
				CLANG_WARN_DIRECT_OBJC_ISA_USAGE = YES_ERROR;
				CLANG_WARN_DOCUMENTATION_COMMENTS = YES;
				CLANG_WARN_EMPTY_BODY = YES;
				CLANG_WARN_ENUM_CONVERSION = YES;
				CLANG_WARN_INFINITE_RECURSION = YES;
				CLANG_WARN_INT_CONVERSION = YES;
				CLANG_WARN_NON_LITERAL_NULL_CONVERSION = YES;
				CLANG_WARN_OBJC_IMPLICIT_RETAIN_SELF = YES;
				CLANG_WARN_OBJC_LITERAL_CONVERSION = YES;
				CLANG_WARN_OBJC_ROOT_CLASS = YES_ERROR;
				CLANG_WARN_QUOTED_INCLUDE_IN_FRAMEWORK_HEADER = YES;
				CLANG_WARN_RANGE_LOOP_ANALYSIS = YES;
				CLANG_WARN_STRICT_PROTOTYPES = YES;
				CLANG_WARN_SUSPICIOUS_MOVE = YES;
				CLANG_WARN_UNGUARDED_AVAILABILITY = YES_AGGRESSIVE;
				CLANG_WARN_UNREACHABLE_CODE = YES;
				CLANG_WARN__DUPLICATE_METHOD_MATCH = YES;
				COPY_PHASE_STRIP = NO;
				DEBUG_INFORMATION_FORMAT = "dwarf-with-dsym";
				ENABLE_NS_ASSERTIONS = NO;
				ENABLE_STRICT_OBJC_MSGSEND = YES;
				GCC_C_LANGUAGE_STANDARD = gnu11;
				GCC_NO_COMMON_BLOCKS = YES;
				GCC_WARN_64_TO_32_BIT_CONVERSION = YES;
				GCC_WARN_ABOUT_RETURN_TYPE = YES_ERROR;
				GCC_WARN_UNDECLARED_SELECTOR = YES;
				GCC_WARN_UNINITIALIZED_AUTOS = YES_AGGRESSIVE;
				GCC_WARN_UNUSED_FUNCTION = YES;
				GCC_WARN_UNUSED_VARIABLE = YES;
				IPHONEOS_DEPLOYMENT_TARGET = 15.0;
				MTL_ENABLE_DEBUG_INFO = NO;
				MTL_FAST_MATH = YES;
				SDKROOT = iphoneos;
				SWIFT_COMPILATION_MODE = wholemodule;
				SWIFT_OPTIMIZATION_LEVEL = "-O";
				VALIDATE_PRODUCT = YES;
			};
			name = Release;
		};
		C64392D628137331006C571F /* Debug */ = {
			isa = XCBuildConfiguration;
			buildSettings = {
				ASSETCATALOG_COMPILER_APPICON_NAME = AppIcon;
				ASSETCATALOG_COMPILER_GLOBAL_ACCENT_COLOR_NAME = AccentColor;
				CODE_SIGN_STYLE = Automatic;
				CURRENT_PROJECT_VERSION = 1;
				DEVELOPMENT_ASSET_PATHS = "\"Scrumdinger/Preview Content\"";
				DEVELOPMENT_TEAM = T2Q4YR3P44;
				ENABLE_PREVIEWS = YES;
				GENERATE_INFOPLIST_FILE = YES;
				INFOPLIST_KEY_UIApplicationSceneManifest_Generation = YES;
				INFOPLIST_KEY_UIApplicationSupportsIndirectInputEvents = YES;
				INFOPLIST_KEY_UILaunchScreen_Generation = YES;
				INFOPLIST_KEY_UISupportedInterfaceOrientations_iPad = "UIInterfaceOrientationPortrait UIInterfaceOrientationPortraitUpsideDown UIInterfaceOrientationLandscapeLeft UIInterfaceOrientationLandscapeRight";
				INFOPLIST_KEY_UISupportedInterfaceOrientations_iPhone = "UIInterfaceOrientationPortrait UIInterfaceOrientationLandscapeLeft UIInterfaceOrientationLandscapeRight";
				LD_RUNPATH_SEARCH_PATHS = (
					"$(inherited)",
					"@executable_path/Frameworks",
				);
				MARKETING_VERSION = 1.0;
				PRODUCT_BUNDLE_IDENTIFIER = mx.datafox.Scrumdinger;
				PRODUCT_NAME = "$(TARGET_NAME)";
				SWIFT_EMIT_LOC_STRINGS = YES;
				SWIFT_VERSION = 5.0;
				TARGETED_DEVICE_FAMILY = "1,2";
			};
			name = Debug;
		};
		C64392D728137331006C571F /* Release */ = {
			isa = XCBuildConfiguration;
			buildSettings = {
				ASSETCATALOG_COMPILER_APPICON_NAME = AppIcon;
				ASSETCATALOG_COMPILER_GLOBAL_ACCENT_COLOR_NAME = AccentColor;
				CODE_SIGN_STYLE = Automatic;
				CURRENT_PROJECT_VERSION = 1;
				DEVELOPMENT_ASSET_PATHS = "\"Scrumdinger/Preview Content\"";
				DEVELOPMENT_TEAM = T2Q4YR3P44;
				ENABLE_PREVIEWS = YES;
				GENERATE_INFOPLIST_FILE = YES;
				INFOPLIST_KEY_UIApplicationSceneManifest_Generation = YES;
				INFOPLIST_KEY_UIApplicationSupportsIndirectInputEvents = YES;
				INFOPLIST_KEY_UILaunchScreen_Generation = YES;
				INFOPLIST_KEY_UISupportedInterfaceOrientations_iPad = "UIInterfaceOrientationPortrait UIInterfaceOrientationPortraitUpsideDown UIInterfaceOrientationLandscapeLeft UIInterfaceOrientationLandscapeRight";
				INFOPLIST_KEY_UISupportedInterfaceOrientations_iPhone = "UIInterfaceOrientationPortrait UIInterfaceOrientationLandscapeLeft UIInterfaceOrientationLandscapeRight";
				LD_RUNPATH_SEARCH_PATHS = (
					"$(inherited)",
					"@executable_path/Frameworks",
				);
				MARKETING_VERSION = 1.0;
				PRODUCT_BUNDLE_IDENTIFIER = mx.datafox.Scrumdinger;
				PRODUCT_NAME = "$(TARGET_NAME)";
				SWIFT_EMIT_LOC_STRINGS = YES;
				SWIFT_VERSION = 5.0;
				TARGETED_DEVICE_FAMILY = "1,2";
			};
			name = Release;
		};
/* End XCBuildConfiguration section */

/* Begin XCConfigurationList section */
		C64392C22813732A006C571F /* Build configuration list for PBXProject "Scrumdinger" */ = {
			isa = XCConfigurationList;
			buildConfigurations = (
				C64392D328137331006C571F /* Debug */,
				C64392D428137331006C571F /* Release */,
			);
			defaultConfigurationIsVisible = 0;
			defaultConfigurationName = Release;
		};
		C64392D528137331006C571F /* Build configuration list for PBXNativeTarget "Scrumdinger" */ = {
			isa = XCConfigurationList;
			buildConfigurations = (
				C64392D628137331006C571F /* Debug */,
				C64392D728137331006C571F /* Release */,
			);
			defaultConfigurationIsVisible = 0;
			defaultConfigurationName = Release;
		};
/* End XCConfigurationList section */
	};
	rootObject = C64392BF2813732A006C571F /* Project object */;
}
